
Microsoft Visual Studio Solution File, Format Version 12.00
# Visual Studio Version 16
VisualStudioVersion = 16.0.30804.86
MinimumVisualStudioVersion = 10.0.40219.1
Project("{FAE04EC0-301F-11D3-BF4B-00C04F79EFBC}") = "AndroidFirebaseData", "AndroidFirebaseData\AndroidFirebaseData.csproj", "{443B1D8A-3C5C-416E-99A8-BCB7EF7688F9}"
EndProject
Global
	GlobalSection(SolutionConfigurationPlatforms) = preSolution
		Debug|Any CPU = Debug|Any CPU
		Release|Any CPU = Release|Any CPU
	EndGlobalSection
	GlobalSection(ProjectConfigurationPlatforms) = postSolution
		{443B1D8A-3C5C-416E-99A8-BCB7EF7688F9}.Debug|Any CPU.ActiveCfg = Debug|Any CPU
		{443B1D8A-3C5C-416E-99A8-BCB7EF7688F9}.Debug|Any CPU.Build.0 = Debug|Any CPU
		{443B1D8A-3C5C-416E-99A8-BCB7EF7688F9}.Debug|Any CPU.Deploy.0 = Debug|Any CPU
		{443B1D8A-3C5C-416E-99A8-BCB7EF7688F9}.Release|Any CPU.ActiveCfg = Release|Any CPU
		{443B1D8A-3C5C-416E-99A8-BCB7EF7688F9}.Release|Any CPU.Build.0 = Release|Any CPU
		{443B1D8A-3C5C-416E-99A8-BCB7EF7688F9}.Release|Any CPU.Deploy.0 = Release|Any CPU
	EndGlobalSection
	GlobalSection(SolutionProperties) = preSolution
		HideSolutionNode = FALSE
	EndGlobalSection
	GlobalSection(ExtensibilityGlobals) = postSolution
		SolutionGuid = {CEC68AC3-39C2-43EA-8AFC-9627911BF111}
	EndGlobalSection
EndGlobal
